
Microsoft Visual Studio Solution File, Format Version 12.00
# Visual Studio Version 17
VisualStudioVersion = 17.3.32929.385
MinimumVisualStudioVersion = 10.0.40219.1
Project("{8BC9CEB8-8B4A-11D0-8D11-00A0C91BC942}") = "Assign4", "Assign4\Assign4.vcxproj", "{EDCE3286-DB58-4ACB-86D2-9729A1F70E60}"
EndProject
Global
	GlobalSection(SolutionConfigurationPlatforms) = preSolution
		Debug|x64 = Debug|x64
		Debug|x86 = Debug|x86
		Release|x64 = Release|x64
		Release|x86 = Release|x86
	EndGlobalSection
	GlobalSection(ProjectConfigurationPlatforms) = postSolution
		{EDCE3286-DB58-4ACB-86D2-9729A1F70E60}.Debug|x64.ActiveCfg = Debug|x64
		{EDCE3286-DB58-4ACB-86D2-9729A1F70E60}.Debug|x64.Build.0 = Debug|x64
		{EDCE3286-DB58-4ACB-86D2-9729A1F70E60}.Debug|x86.ActiveCfg = Debug|Win32
		{EDCE3286-DB58-4ACB-86D2-9729A1F70E60}.Debug|x86.Build.0 = Debug|Win32
		{EDCE3286-DB58-4ACB-86D2-9729A1F70E60}.Release|x64.ActiveCfg = Release|x64
		{EDCE3286-DB58-4ACB-86D2-9729A1F70E60}.Release|x64.Build.0 = Release|x64
		{EDCE3286-DB58-4ACB-86D2-9729A1F70E60}.Release|x86.ActiveCfg = Release|Win32
		{EDCE3286-DB58-4ACB-86D2-9729A1F70E60}.Release|x86.Build.0 = Release|Win32
	EndGlobalSection
	GlobalSection(SolutionProperties) = preSolution
		HideSolutionNode = FALSE
	EndGlobalSection
	GlobalSection(ExtensibilityGlobals) = postSolution
		SolutionGuid = {8DBE0984-DD9B-492C-B112-1C3AD0593C21}
	EndGlobalSection
EndGlobal
